
Microsoft Visual Studio Solution File, Format Version 12.00
# Visual Studio Version 17
VisualStudioVersion = 17.2.32630.192
MinimumVisualStudioVersion = 10.0.40219.1
Project("{9A19103F-16F7-4668-BE54-9A1E7A4F7556}") = "CreateImageFunctionsSample", "CreateImageFunctionsSample.csproj", "{D0893E1F-5CAD-4536-B446-E042395C171A}"
EndProject
Global
	GlobalSection(SolutionConfigurationPlatforms) = preSolution
		Debug|Any CPU = Debug|Any CPU
		Release|Any CPU = Release|Any CPU
	EndGlobalSection
	GlobalSection(ProjectConfigurationPlatforms) = postSolution
		{D0893E1F-5CAD-4536-B446-E042395C171A}.Debug|Any CPU.ActiveCfg = Debug|Any CPU
		{D0893E1F-5CAD-4536-B446-E042395C171A}.Debug|Any CPU.Build.0 = Debug|Any CPU
		{D0893E1F-5CAD-4536-B446-E042395C171A}.Release|Any CPU.ActiveCfg = Release|Any CPU
		{D0893E1F-5CAD-4536-B446-E042395C171A}.Release|Any CPU.Build.0 = Release|Any CPU
	EndGlobalSection
	GlobalSection(SolutionProperties) = preSolution
		HideSolutionNode = FALSE
	EndGlobalSection
	GlobalSection(ExtensibilityGlobals) = postSolution
		SolutionGuid = {DBDBEC67-F51A-414D-A375-511BC6C48DC9}
	EndGlobalSection
EndGlobal
